// !$*UTF8*$!
{
	archiveVersion = 1;
	classes = {
	};
	objectVersion = 50;
	objects = {

/* Begin PBXBuildFile section */
		C146A4B6245FD94000D69E2B /* AppDelegate.m in Sources */ = {isa = PBXBuildFile; fileRef = C146A4B5245FD94000D69E2B /* AppDelegate.m */; };
		C146A4B9245FD94000D69E2B /* ViewController.m in Sources */ = {isa = PBXBuildFile; fileRef = C146A4B8245FD94000D69E2B /* ViewController.m */; };
		C146A4BB245FD94100D69E2B /* Assets.xcassets in Resources */ = {isa = PBXBuildFile; fileRef = C146A4BA245FD94100D69E2B /* Assets.xcassets */; };
		C146A4BE245FD94100D69E2B /* Main.storyboard in Resources */ = {isa = PBXBuildFile; fileRef = C146A4BC245FD94100D69E2B /* Main.storyboard */; };
		C146A4C1245FD94100D69E2B /* main.m in Sources */ = {isa = PBXBuildFile; fileRef = C146A4C0245FD94100D69E2B /* main.m */; };
		C146A4CC245FD94100D69E2B /* decompressNanoLogTests.m in Sources */ = {isa = PBXBuildFile; fileRef = C146A4CB245FD94100D69E2B /* decompressNanoLogTests.m */; };
		C146A4D7245FD94100D69E2B /* decompressNanoLogUITests.m in Sources */ = {isa = PBXBuildFile; fileRef = C146A4D6245FD94100D69E2B /* decompressNanoLogUITests.m */; };
		C146A529245FDA3B00D69E2B /* GNUmakefile in Resources */ = {isa = PBXBuildFile; fileRef = C146A4FD245FDA3B00D69E2B /* GNUmakefile */; };
		C146A52A245FDA3B00D69E2B /* PerfHelper.cc in Sources */ = {isa = PBXBuildFile; fileRef = C146A502245FDA3B00D69E2B /* PerfHelper.cc */; };
		C146A52B245FDA3B00D69E2B /* RuntimeLogger.cc in Sources */ = {isa = PBXBuildFile; fileRef = C146A508245FDA3B00D69E2B /* RuntimeLogger.cc */; };
		C146A52C245FDA3B00D69E2B /* Cycles.cc in Sources */ = {isa = PBXBuildFile; fileRef = C146A509245FDA3B00D69E2B /* Cycles.cc */; };
		C146A52D245FDA3B00D69E2B /* NanoLog.cc in Sources */ = {isa = PBXBuildFile; fileRef = C146A50B245FDA3B00D69E2B /* NanoLog.cc */; };
		C146A52E245FDA3B00D69E2B /* LogDecompressor.cc in Sources */ = {isa = PBXBuildFile; fileRef = C146A50C245FDA3B00D69E2B /* LogDecompressor.cc */; };
		C146A530245FDA3B00D69E2B /* Util.cc in Sources */ = {isa = PBXBuildFile; fileRef = C146A50E245FDA3B00D69E2B /* Util.cc */; };
		C146A531245FDA3B00D69E2B /* .gitignore in Resources */ = {isa = PBXBuildFile; fileRef = C146A510245FDA3B00D69E2B /* .gitignore */; };
		C146A532245FDA3B00D69E2B /* decompressor.dSYM in Resources */ = {isa = PBXBuildFile; fileRef = C146A511245FDA3B00D69E2B /* decompressor.dSYM */; };
		C146A535245FDA3B00D69E2B /* GeneratedCode.cc in Sources */ = {isa = PBXBuildFile; fileRef = C146A517245FDA3B00D69E2B /* GeneratedCode.cc */; };
		C146A537245FDA3B00D69E2B /* TimeTrace.cc in Sources */ = {isa = PBXBuildFile; fileRef = C146A51B245FDA3B00D69E2B /* TimeTrace.cc */; };
		C146A539245FDA3B00D69E2B /* Log.cc in Sources */ = {isa = PBXBuildFile; fileRef = C146A520245FDA3B00D69E2B /* Log.cc */; };
/* End PBXBuildFile section */

/* Begin PBXContainerItemProxy section */
		C146A4C8245FD94100D69E2B /* PBXContainerItemProxy */ = {
			isa = PBXContainerItemProxy;
			containerPortal = C146A4A9245FD94000D69E2B /* Project object */;
			proxyType = 1;
			remoteGlobalIDString = C146A4B0245FD94000D69E2B;
			remoteInfo = decompressNanoLog;
		};
		C146A4D3245FD94100D69E2B /* PBXContainerItemProxy */ = {
			isa = PBXContainerItemProxy;
			containerPortal = C146A4A9245FD94000D69E2B /* Project object */;
			proxyType = 1;
			remoteGlobalIDString = C146A4B0245FD94000D69E2B;
			remoteInfo = decompressNanoLog;
		};
/* End PBXContainerItemProxy section */

/* Begin PBXFileReference section */
		C146A4B1245FD94000D69E2B /* decompressNanoLog.app */ = {isa = PBXFileReference; explicitFileType = wrapper.application; includeInIndex = 0; path = decompressNanoLog.app; sourceTree = BUILT_PRODUCTS_DIR; };
		C146A4B4245FD94000D69E2B /* AppDelegate.h */ = {isa = PBXFileReference; lastKnownFileType = sourcecode.c.h; path = AppDelegate.h; sourceTree = "<group>"; };
		C146A4B5245FD94000D69E2B /* AppDelegate.m */ = {isa = PBXFileReference; lastKnownFileType = sourcecode.c.objc; path = AppDelegate.m; sourceTree = "<group>"; };
		C146A4B7245FD94000D69E2B /* ViewController.h */ = {isa = PBXFileReference; lastKnownFileType = sourcecode.c.h; path = ViewController.h; sourceTree = "<group>"; };
		C146A4B8245FD94000D69E2B /* ViewController.m */ = {isa = PBXFileReference; lastKnownFileType = sourcecode.c.objc; path = ViewController.m; sourceTree = "<group>"; };
		C146A4BA245FD94100D69E2B /* Assets.xcassets */ = {isa = PBXFileReference; lastKnownFileType = folder.assetcatalog; path = Assets.xcassets; sourceTree = "<group>"; };
		C146A4BD245FD94100D69E2B /* Base */ = {isa = PBXFileReference; lastKnownFileType = file.storyboard; name = Base; path = Base.lproj/Main.storyboard; sourceTree = "<group>"; };
		C146A4BF245FD94100D69E2B /* Info.plist */ = {isa = PBXFileReference; lastKnownFileType = text.plist.xml; path = Info.plist; sourceTree = "<group>"; };
		C146A4C0245FD94100D69E2B /* main.m */ = {isa = PBXFileReference; lastKnownFileType = sourcecode.c.objc; path = main.m; sourceTree = "<group>"; };
		C146A4C2245FD94100D69E2B /* decompressNanoLog.entitlements */ = {isa = PBXFileReference; lastKnownFileType = text.plist.entitlements; path = decompressNanoLog.entitlements; sourceTree = "<group>"; };
		C146A4C7245FD94100D69E2B /* decompressNanoLogTests.xctest */ = {isa = PBXFileReference; explicitFileType = wrapper.cfbundle; includeInIndex = 0; path = decompressNanoLogTests.xctest; sourceTree = BUILT_PRODUCTS_DIR; };
		C146A4CB245FD94100D69E2B /* decompressNanoLogTests.m */ = {isa = PBXFileReference; lastKnownFileType = sourcecode.c.objc; path = decompressNanoLogTests.m; sourceTree = "<group>"; };
		C146A4CD245FD94100D69E2B /* Info.plist */ = {isa = PBXFileReference; lastKnownFileType = text.plist.xml; path = Info.plist; sourceTree = "<group>"; };
		C146A4D2245FD94100D69E2B /* decompressNanoLogUITests.xctest */ = {isa = PBXFileReference; explicitFileType = wrapper.cfbundle; includeInIndex = 0; path = decompressNanoLogUITests.xctest; sourceTree = BUILT_PRODUCTS_DIR; };
		C146A4D6245FD94100D69E2B /* decompressNanoLogUITests.m */ = {isa = PBXFileReference; lastKnownFileType = sourcecode.c.objc; path = decompressNanoLogUITests.m; sourceTree = "<group>"; };
		C146A4D8245FD94100D69E2B /* Info.plist */ = {isa = PBXFileReference; lastKnownFileType = text.plist.xml; path = Info.plist; sourceTree = "<group>"; };
		C146A4FD245FDA3B00D69E2B /* GNUmakefile */ = {isa = PBXFileReference; fileEncoding = 4; lastKnownFileType = text; path = GNUmakefile; sourceTree = "<group>"; };
		C146A4FE245FDA3B00D69E2B /* runtime 2.xcodeproj */ = {isa = PBXFileReference; lastKnownFileType = "wrapper.pb-project"; path = "runtime 2.xcodeproj"; sourceTree = "<group>"; };
		C146A502245FDA3B00D69E2B /* PerfHelper.cc */ = {isa = PBXFileReference; fileEncoding = 4; lastKnownFileType = sourcecode.cpp.cpp; path = PerfHelper.cc; sourceTree = "<group>"; };
		C146A503245FDA3B00D69E2B /* NanoLog.h */ = {isa = PBXFileReference; fileEncoding = 4; lastKnownFileType = sourcecode.c.h; path = NanoLog.h; sourceTree = "<group>"; };
		C146A504245FDA3B00D69E2B /* Fence.h */ = {isa = PBXFileReference; fileEncoding = 4; lastKnownFileType = sourcecode.c.h; path = Fence.h; sourceTree = "<group>"; };
		C146A505245FDA3B00D69E2B /* NanoLogCpp17.h */ = {isa = PBXFileReference; fileEncoding = 4; lastKnownFileType = sourcecode.c.h; path = NanoLogCpp17.h; sourceTree = "<group>"; };
		C146A506245FDA3B00D69E2B /* Packer.h */ = {isa = PBXFileReference; fileEncoding = 4; lastKnownFileType = sourcecode.c.h; path = Packer.h; sourceTree = "<group>"; };
		C146A507245FDA3B00D69E2B /* Config.h */ = {isa = PBXFileReference; fileEncoding = 4; lastKnownFileType = sourcecode.c.h; path = Config.h; sourceTree = "<group>"; };
		C146A508245FDA3B00D69E2B /* RuntimeLogger.cc */ = {isa = PBXFileReference; fileEncoding = 4; lastKnownFileType = sourcecode.cpp.cpp; path = RuntimeLogger.cc; sourceTree = "<group>"; };
		C146A509245FDA3B00D69E2B /* Cycles.cc */ = {isa = PBXFileReference; fileEncoding = 4; lastKnownFileType = sourcecode.cpp.cpp; path = Cycles.cc; sourceTree = "<group>"; };
		C146A50A245FDA3B00D69E2B /* Cycles.h */ = {isa = PBXFileReference; fileEncoding = 4; lastKnownFileType = sourcecode.c.h; path = Cycles.h; sourceTree = "<group>"; };
		C146A50B245FDA3B00D69E2B /* NanoLog.cc */ = {isa = PBXFileReference; fileEncoding = 4; lastKnownFileType = sourcecode.cpp.cpp; path = NanoLog.cc; sourceTree = "<group>"; };
		C146A50C245FDA3B00D69E2B /* LogDecompressor.cc */ = {isa = PBXFileReference; fileEncoding = 4; lastKnownFileType = sourcecode.cpp.cpp; path = LogDecompressor.cc; sourceTree = "<group>"; };
		C146A50E245FDA3B00D69E2B /* Util.cc */ = {isa = PBXFileReference; fileEncoding = 4; lastKnownFileType = sourcecode.cpp.cpp; path = Util.cc; sourceTree = "<group>"; };
		C146A50F245FDA3B00D69E2B /* Common.h */ = {isa = PBXFileReference; fileEncoding = 4; lastKnownFileType = sourcecode.c.h; path = Common.h; sourceTree = "<group>"; };
		C146A510245FDA3B00D69E2B /* .gitignore */ = {isa = PBXFileReference; fileEncoding = 4; lastKnownFileType = text; path = .gitignore; sourceTree = "<group>"; };
		C146A511245FDA3B00D69E2B /* decompressor.dSYM */ = {isa = PBXFileReference; lastKnownFileType = wrapper.dsym; path = decompressor.dSYM; sourceTree = "<group>"; };
		C146A512245FDA3B00D69E2B /* Log.h */ = {isa = PBXFileReference; fileEncoding = 4; lastKnownFileType = sourcecode.c.h; path = Log.h; sourceTree = "<group>"; };
		C146A514245FDA3B00D69E2B /* RuntimeLogger.h */ = {isa = PBXFileReference; fileEncoding = 4; lastKnownFileType = sourcecode.c.h; path = RuntimeLogger.h; sourceTree = "<group>"; };
		C146A517245FDA3B00D69E2B /* GeneratedCode.cc */ = {isa = PBXFileReference; fileEncoding = 4; lastKnownFileType = sourcecode.cpp.cpp; path = GeneratedCode.cc; sourceTree = "<group>"; };
		C146A519245FDA3B00D69E2B /* Util.h */ = {isa = PBXFileReference; fileEncoding = 4; lastKnownFileType = sourcecode.c.h; path = Util.h; sourceTree = "<group>"; };
		C146A51A245FDA3B00D69E2B /* Initialize.h */ = {isa = PBXFileReference; fileEncoding = 4; lastKnownFileType = sourcecode.c.h; path = Initialize.h; sourceTree = "<group>"; };
		C146A51B245FDA3B00D69E2B /* TimeTrace.cc */ = {isa = PBXFileReference; fileEncoding = 4; lastKnownFileType = sourcecode.cpp.cpp; path = TimeTrace.cc; sourceTree = "<group>"; };
		C146A51E245FDA3B00D69E2B /* TimeTrace.h */ = {isa = PBXFileReference; fileEncoding = 4; lastKnownFileType = sourcecode.c.h; path = TimeTrace.h; sourceTree = "<group>"; };
		C146A51F245FDA3B00D69E2B /* GeneratedCode.h */ = {isa = PBXFileReference; fileEncoding = 4; lastKnownFileType = sourcecode.c.h; path = GeneratedCode.h; sourceTree = "<group>"; };
		C146A520245FDA3B00D69E2B /* Log.cc */ = {isa = PBXFileReference; fileEncoding = 4; lastKnownFileType = sourcecode.cpp.cpp; path = Log.cc; sourceTree = "<group>"; };
		C146A521245FDA3B00D69E2B /* runtime.xcodeproj */ = {isa = PBXFileReference; lastKnownFileType = "wrapper.pb-project"; path = runtime.xcodeproj; sourceTree = "<group>"; };
		C146A524245FDA3B00D69E2B /* TestUtil.h */ = {isa = PBXFileReference; fileEncoding = 4; lastKnownFileType = sourcecode.c.h; path = TestUtil.h; sourceTree = "<group>"; };
		C146A525245FDA3B00D69E2B /* Atomic.h */ = {isa = PBXFileReference; fileEncoding = 4; lastKnownFileType = sourcecode.c.h; path = Atomic.h; sourceTree = "<group>"; };
/* End PBXFileReference section */

/* Begin PBXFrameworksBuildPhase section */
		C146A4AE245FD94000D69E2B /* Frameworks */ = {
			isa = PBXFrameworksBuildPhase;
			buildActionMask = 2147483647;
			files = (
			);
			runOnlyForDeploymentPostprocessing = 0;
		};
		C146A4C4245FD94100D69E2B /* Frameworks */ = {
			isa = PBXFrameworksBuildPhase;
			buildActionMask = 2147483647;
			files = (
			);
			runOnlyForDeploymentPostprocessing = 0;
		};
		C146A4CF245FD94100D69E2B /* Frameworks */ = {
			isa = PBXFrameworksBuildPhase;
			buildActionMask = 2147483647;
			files = (
			);
			runOnlyForDeploymentPostprocessing = 0;
		};
/* End PBXFrameworksBuildPhase section */

/* Begin PBXGroup section */
		C146A4A8245FD94000D69E2B = {
			isa = PBXGroup;
			children = (
				C146A4B3245FD94000D69E2B /* decompressNanoLog */,
				C146A4CA245FD94100D69E2B /* decompressNanoLogTests */,
				C146A4D5245FD94100D69E2B /* decompressNanoLogUITests */,
				C146A4B2245FD94000D69E2B /* Products */,
			);
			sourceTree = "<group>";
		};
		C146A4B2245FD94000D69E2B /* Products */ = {
			isa = PBXGroup;
			children = (
				C146A4B1245FD94000D69E2B /* decompressNanoLog.app */,
				C146A4C7245FD94100D69E2B /* decompressNanoLogTests.xctest */,
				C146A4D2245FD94100D69E2B /* decompressNanoLogUITests.xctest */,
			);
			name = Products;
			sourceTree = "<group>";
		};
		C146A4B3245FD94000D69E2B /* decompressNanoLog */ = {
			isa = PBXGroup;
			children = (
				C146A4FB245FDA3B00D69E2B /* runtime */,
				C146A4B4245FD94000D69E2B /* AppDelegate.h */,
				C146A4B5245FD94000D69E2B /* AppDelegate.m */,
				C146A4B7245FD94000D69E2B /* ViewController.h */,
				C146A4B8245FD94000D69E2B /* ViewController.m */,
				C146A4BA245FD94100D69E2B /* Assets.xcassets */,
				C146A4BC245FD94100D69E2B /* Main.storyboard */,
				C146A4BF245FD94100D69E2B /* Info.plist */,
				C146A4C0245FD94100D69E2B /* main.m */,
				C146A4C2245FD94100D69E2B /* decompressNanoLog.entitlements */,
			);
			path = decompressNanoLog;
			sourceTree = "<group>";
		};
		C146A4CA245FD94100D69E2B /* decompressNanoLogTests */ = {
			isa = PBXGroup;
			children = (
				C146A4CB245FD94100D69E2B /* decompressNanoLogTests.m */,
				C146A4CD245FD94100D69E2B /* Info.plist */,
			);
			path = decompressNanoLogTests;
			sourceTree = "<group>";
		};
		C146A4D5245FD94100D69E2B /* decompressNanoLogUITests */ = {
			isa = PBXGroup;
			children = (
				C146A4D6245FD94100D69E2B /* decompressNanoLogUITests.m */,
				C146A4D8245FD94100D69E2B /* Info.plist */,
			);
			path = decompressNanoLogUITests;
			sourceTree = "<group>";
		};
		C146A4FB245FDA3B00D69E2B /* runtime */ = {
			isa = PBXGroup;
			children = (
				C146A4FD245FDA3B00D69E2B /* GNUmakefile */,
				C146A4FE245FDA3B00D69E2B /* runtime 2.xcodeproj */,
				C146A502245FDA3B00D69E2B /* PerfHelper.cc */,
				C146A503245FDA3B00D69E2B /* NanoLog.h */,
				C146A504245FDA3B00D69E2B /* Fence.h */,
				C146A505245FDA3B00D69E2B /* NanoLogCpp17.h */,
				C146A506245FDA3B00D69E2B /* Packer.h */,
				C146A507245FDA3B00D69E2B /* Config.h */,
				C146A508245FDA3B00D69E2B /* RuntimeLogger.cc */,
				C146A509245FDA3B00D69E2B /* Cycles.cc */,
				C146A50A245FDA3B00D69E2B /* Cycles.h */,
				C146A50B245FDA3B00D69E2B /* NanoLog.cc */,
				C146A50C245FDA3B00D69E2B /* LogDecompressor.cc */,
				C146A50E245FDA3B00D69E2B /* Util.cc */,
				C146A50F245FDA3B00D69E2B /* Common.h */,
				C146A510245FDA3B00D69E2B /* .gitignore */,
				C146A511245FDA3B00D69E2B /* decompressor.dSYM */,
				C146A512245FDA3B00D69E2B /* Log.h */,
				C146A514245FDA3B00D69E2B /* RuntimeLogger.h */,
				C146A516245FDA3B00D69E2B /* testHelper */,
				C146A519245FDA3B00D69E2B /* Util.h */,
				C146A51A245FDA3B00D69E2B /* Initialize.h */,
				C146A51B245FDA3B00D69E2B /* TimeTrace.cc */,
				C146A51E245FDA3B00D69E2B /* TimeTrace.h */,
				C146A51F245FDA3B00D69E2B /* GeneratedCode.h */,
				C146A520245FDA3B00D69E2B /* Log.cc */,
				C146A521245FDA3B00D69E2B /* runtime.xcodeproj */,
				C146A524245FDA3B00D69E2B /* TestUtil.h */,
				C146A525245FDA3B00D69E2B /* Atomic.h */,
			);
			name = runtime;
			path = ../../runtime;
			sourceTree = "<group>";
		};
		C146A4FF245FDA3B00D69E2B /* Products */ = {
			isa = PBXGroup;
			children = (
			);
			name = Products;
			sourceTree = "<group>";
		};
		C146A516245FDA3B00D69E2B /* testHelper */ = {
			isa = PBXGroup;
			children = (
				C146A517245FDA3B00D69E2B /* GeneratedCode.cc */,
			);
			path = testHelper;
			sourceTree = "<group>";
		};
		C146A522245FDA3B00D69E2B /* Products */ = {
			isa = PBXGroup;
			children = (
			);
			name = Products;
			sourceTree = "<group>";
		};
/* End PBXGroup section */

/* Begin PBXNativeTarget section */
		C146A4B0245FD94000D69E2B /* decompressNanoLog */ = {
			isa = PBXNativeTarget;
			buildConfigurationList = C146A4DB245FD94100D69E2B /* Build configuration list for PBXNativeTarget "decompressNanoLog" */;
			buildPhases = (
				C146A4AD245FD94000D69E2B /* Sources */,
				C146A4AE245FD94000D69E2B /* Frameworks */,
				C146A4AF245FD94000D69E2B /* Resources */,
			);
			buildRules = (
			);
			dependencies = (
			);
			name = decompressNanoLog;
			productName = decompressNanoLog;
			productReference = C146A4B1245FD94000D69E2B /* decompressNanoLog.app */;
			productType = "com.apple.product-type.application";
		};
		C146A4C6245FD94100D69E2B /* decompressNanoLogTests */ = {
			isa = PBXNativeTarget;
			buildConfigurationList = C146A4DE245FD94100D69E2B /* Build configuration list for PBXNativeTarget "decompressNanoLogTests" */;
			buildPhases = (
				C146A4C3245FD94100D69E2B /* Sources */,
				C146A4C4245FD94100D69E2B /* Frameworks */,
				C146A4C5245FD94100D69E2B /* Resources */,
			);
			buildRules = (
			);
			dependencies = (
				C146A4C9245FD94100D69E2B /* PBXTargetDependency */,
			);
			name = decompressNanoLogTests;
			productName = decompressNanoLogTests;
			productReference = C146A4C7245FD94100D69E2B /* decompressNanoLogTests.xctest */;
			productType = "com.apple.product-type.bundle.unit-test";
		};
		C146A4D1245FD94100D69E2B /* decompressNanoLogUITests */ = {
			isa = PBXNativeTarget;
			buildConfigurationList = C146A4E1245FD94100D69E2B /* Build configuration list for PBXNativeTarget "decompressNanoLogUITests" */;
			buildPhases = (
				C146A4CE245FD94100D69E2B /* Sources */,
				C146A4CF245FD94100D69E2B /* Frameworks */,
				C146A4D0245FD94100D69E2B /* Resources */,
			);
			buildRules = (
			);
			dependencies = (
				C146A4D4245FD94100D69E2B /* PBXTargetDependency */,
			);
			name = decompressNanoLogUITests;
			productName = decompressNanoLogUITests;
			productReference = C146A4D2245FD94100D69E2B /* decompressNanoLogUITests.xctest */;
			productType = "com.apple.product-type.bundle.ui-testing";
		};
/* End PBXNativeTarget section */

/* Begin PBXProject section */
		C146A4A9245FD94000D69E2B /* Project object */ = {
			isa = PBXProject;
			attributes = {
				LastUpgradeCheck = 1120;
				ORGANIZATIONNAME = kuaishou;
				TargetAttributes = {
					C146A4B0245FD94000D69E2B = {
						CreatedOnToolsVersion = 11.2.1;
					};
					C146A4C6245FD94100D69E2B = {
						CreatedOnToolsVersion = 11.2.1;
						TestTargetID = C146A4B0245FD94000D69E2B;
					};
					C146A4D1245FD94100D69E2B = {
						CreatedOnToolsVersion = 11.2.1;
						TestTargetID = C146A4B0245FD94000D69E2B;
					};
				};
			};
			buildConfigurationList = C146A4AC245FD94000D69E2B /* Build configuration list for PBXProject "decompressNanoLog" */;
			compatibilityVersion = "Xcode 9.3";
			developmentRegion = en;
			hasScannedForEncodings = 0;
			knownRegions = (
				en,
				Base,
			);
			mainGroup = C146A4A8245FD94000D69E2B;
			productRefGroup = C146A4B2245FD94000D69E2B /* Products */;
			projectDirPath = "";
			projectReferences = (
				{
					ProductGroup = C146A4FF245FDA3B00D69E2B /* Products */;
					ProjectRef = C146A4FE245FDA3B00D69E2B /* runtime 2.xcodeproj */;
				},
				{
					ProductGroup = C146A522245FDA3B00D69E2B /* Products */;
					ProjectRef = C146A521245FDA3B00D69E2B /* runtime.xcodeproj */;
				},
			);
			projectRoot = "";
			targets = (
				C146A4B0245FD94000D69E2B /* decompressNanoLog */,
				C146A4C6245FD94100D69E2B /* decompressNanoLogTests */,
				C146A4D1245FD94100D69E2B /* decompressNanoLogUITests */,
			);
		};
/* End PBXProject section */

/* Begin PBXResourcesBuildPhase section */
		C146A4AF245FD94000D69E2B /* Resources */ = {
			isa = PBXResourcesBuildPhase;
			buildActionMask = 2147483647;
			files = (
				C146A531245FDA3B00D69E2B /* .gitignore in Resources */,
				C146A4BB245FD94100D69E2B /* Assets.xcassets in Resources */,
				C146A529245FDA3B00D69E2B /* GNUmakefile in Resources */,
				C146A4BE245FD94100D69E2B /* Main.storyboard in Resources */,
				C146A532245FDA3B00D69E2B /* decompressor.dSYM in Resources */,
			);
			runOnlyForDeploymentPostprocessing = 0;
		};
		C146A4C5245FD94100D69E2B /* Resources */ = {
			isa = PBXResourcesBuildPhase;
			buildActionMask = 2147483647;
			files = (
			);
			runOnlyForDeploymentPostprocessing = 0;
		};
		C146A4D0245FD94100D69E2B /* Resources */ = {
			isa = PBXResourcesBuildPhase;
			buildActionMask = 2147483647;
			files = (
			);
			runOnlyForDeploymentPostprocessing = 0;
		};
/* End PBXResourcesBuildPhase section */

/* Begin PBXSourcesBuildPhase section */
		C146A4AD245FD94000D69E2B /* Sources */ = {
			isa = PBXSourcesBuildPhase;
			buildActionMask = 2147483647;
			files = (
				C146A52E245FDA3B00D69E2B /* LogDecompressor.cc in Sources */,
				C146A530245FDA3B00D69E2B /* Util.cc in Sources */,
				C146A52A245FDA3B00D69E2B /* PerfHelper.cc in Sources */,
				C146A52B245FDA3B00D69E2B /* RuntimeLogger.cc in Sources */,
				C146A4B9245FD94000D69E2B /* ViewController.m in Sources */,
				C146A52D245FDA3B00D69E2B /* NanoLog.cc in Sources */,
				C146A539245FDA3B00D69E2B /* Log.cc in Sources */,
				C146A535245FDA3B00D69E2B /* GeneratedCode.cc in Sources */,
				C146A4C1245FD94100D69E2B /* main.m in Sources */,
				C146A4B6245FD94000D69E2B /* AppDelegate.m in Sources */,
				C146A537245FDA3B00D69E2B /* TimeTrace.cc in Sources */,
				C146A52C245FDA3B00D69E2B /* Cycles.cc in Sources */,
			);
			runOnlyForDeploymentPostprocessing = 0;
		};
		C146A4C3245FD94100D69E2B /* Sources */ = {
			isa = PBXSourcesBuildPhase;
			buildActionMask = 2147483647;
			files = (
				C146A4CC245FD94100D69E2B /* decompressNanoLogTests.m in Sources */,
			);
			runOnlyForDeploymentPostprocessing = 0;
		};
		C146A4CE245FD94100D69E2B /* Sources */ = {
			isa = PBXSourcesBuildPhase;
			buildActionMask = 2147483647;
			files = (
				C146A4D7245FD94100D69E2B /* decompressNanoLogUITests.m in Sources */,
			);
			runOnlyForDeploymentPostprocessing = 0;
		};
/* End PBXSourcesBuildPhase section */

/* Begin PBXTargetDependency section */
		C146A4C9245FD94100D69E2B /* PBXTargetDependency */ = {
			isa = PBXTargetDependency;
			target = C146A4B0245FD94000D69E2B /* decompressNanoLog */;
			targetProxy = C146A4C8245FD94100D69E2B /* PBXContainerItemProxy */;
		};
		C146A4D4245FD94100D69E2B /* PBXTargetDependency */ = {
			isa = PBXTargetDependency;
			target = C146A4B0245FD94000D69E2B /* decompressNanoLog */;
			targetProxy = C146A4D3245FD94100D69E2B /* PBXContainerItemProxy */;
		};
/* End PBXTargetDependency section */

/* Begin PBXVariantGroup section */
		C146A4BC245FD94100D69E2B /* Main.storyboard */ = {
			isa = PBXVariantGroup;
			children = (
				C146A4BD245FD94100D69E2B /* Base */,
			);
			name = Main.storyboard;
			sourceTree = "<group>";
		};
/* End PBXVariantGroup section */

/* Begin XCBuildConfiguration section */
		C146A4D9245FD94100D69E2B /* Debug */ = {
			isa = XCBuildConfiguration;
			buildSettings = {
				ALWAYS_SEARCH_USER_PATHS = NO;
				CLANG_ANALYZER_NONNULL = YES;
				CLANG_ANALYZER_NUMBER_OBJECT_CONVERSION = YES_AGGRESSIVE;
				CLANG_CXX_LANGUAGE_STANDARD = "gnu++14";
				CLANG_CXX_LIBRARY = "libc++";
				CLANG_ENABLE_MODULES = YES;
				CLANG_ENABLE_OBJC_ARC = YES;
				CLANG_ENABLE_OBJC_WEAK = YES;
				CLANG_WARN_BLOCK_CAPTURE_AUTORELEASING = YES;
				CLANG_WARN_BOOL_CONVERSION = YES;
				CLANG_WARN_COMMA = YES;
				CLANG_WARN_CONSTANT_CONVERSION = YES;
				CLANG_WARN_DEPRECATED_OBJC_IMPLEMENTATIONS = YES;
				CLANG_WARN_DIRECT_OBJC_ISA_USAGE = YES_ERROR;
				CLANG_WARN_DOCUMENTATION_COMMENTS = YES;
				CLANG_WARN_EMPTY_BODY = YES;
				CLANG_WARN_ENUM_CONVERSION = YES;
				CLANG_WARN_INFINITE_RECURSION = YES;
				CLANG_WARN_INT_CONVERSION = YES;
				CLANG_WARN_NON_LITERAL_NULL_CONVERSION = YES;
				CLANG_WARN_OBJC_IMPLICIT_RETAIN_SELF = YES;
				CLANG_WARN_OBJC_LITERAL_CONVERSION = YES;
				CLANG_WARN_OBJC_ROOT_CLASS = YES_ERROR;
				CLANG_WARN_RANGE_LOOP_ANALYSIS = YES;
				CLANG_WARN_STRICT_PROTOTYPES = YES;
				CLANG_WARN_SUSPICIOUS_MOVE = YES;
				CLANG_WARN_UNGUARDED_AVAILABILITY = YES_AGGRESSIVE;
				CLANG_WARN_UNREACHABLE_CODE = YES;
				CLANG_WARN__DUPLICATE_METHOD_MATCH = YES;
				COPY_PHASE_STRIP = NO;
				DEBUG_INFORMATION_FORMAT = dwarf;
				ENABLE_STRICT_OBJC_MSGSEND = YES;
				ENABLE_TESTABILITY = YES;
				GCC_C_LANGUAGE_STANDARD = gnu11;
				GCC_DYNAMIC_NO_PIC = NO;
				GCC_NO_COMMON_BLOCKS = YES;
				GCC_OPTIMIZATION_LEVEL = 0;
				GCC_PREPROCESSOR_DEFINITIONS = (
					"DEBUG=1",
					"$(inherited)",
				);
				GCC_WARN_64_TO_32_BIT_CONVERSION = YES;
				GCC_WARN_ABOUT_RETURN_TYPE = YES_ERROR;
				GCC_WARN_UNDECLARED_SELECTOR = YES;
				GCC_WARN_UNINITIALIZED_AUTOS = YES_AGGRESSIVE;
				GCC_WARN_UNUSED_FUNCTION = YES;
				GCC_WARN_UNUSED_VARIABLE = YES;
				MACOSX_DEPLOYMENT_TARGET = 10.15;
				MTL_ENABLE_DEBUG_INFO = INCLUDE_SOURCE;
				MTL_FAST_MATH = YES;
				ONLY_ACTIVE_ARCH = YES;
				SDKROOT = macosx;
			};
			name = Debug;
		};
		C146A4DA245FD94100D69E2B /* Release */ = {
			isa = XCBuildConfiguration;
			buildSettings = {
				ALWAYS_SEARCH_USER_PATHS = NO;
				CLANG_ANALYZER_NONNULL = YES;
				CLANG_ANALYZER_NUMBER_OBJECT_CONVERSION = YES_AGGRESSIVE;
				CLANG_CXX_LANGUAGE_STANDARD = "gnu++14";
				CLANG_CXX_LIBRARY = "libc++";
				CLANG_ENABLE_MODULES = YES;
				CLANG_ENABLE_OBJC_ARC = YES;
				CLANG_ENABLE_OBJC_WEAK = YES;
				CLANG_WARN_BLOCK_CAPTURE_AUTORELEASING = YES;
				CLANG_WARN_BOOL_CONVERSION = YES;
				CLANG_WARN_COMMA = YES;
				CLANG_WARN_CONSTANT_CONVERSION = YES;
				CLANG_WARN_DEPRECATED_OBJC_IMPLEMENTATIONS = YES;
				CLANG_WARN_DIRECT_OBJC_ISA_USAGE = YES_ERROR;
				CLANG_WARN_DOCUMENTATION_COMMENTS = YES;
				CLANG_WARN_EMPTY_BODY = YES;
				CLANG_WARN_ENUM_CONVERSION = YES;
				CLANG_WARN_INFINITE_RECURSION = YES;
				CLANG_WARN_INT_CONVERSION = YES;
				CLANG_WARN_NON_LITERAL_NULL_CONVERSION = YES;
				CLANG_WARN_OBJC_IMPLICIT_RETAIN_SELF = YES;
				CLANG_WARN_OBJC_LITERAL_CONVERSION = YES;
				CLANG_WARN_OBJC_ROOT_CLASS = YES_ERROR;
				CLANG_WARN_RANGE_LOOP_ANALYSIS = YES;
				CLANG_WARN_STRICT_PROTOTYPES = YES;
				CLANG_WARN_SUSPICIOUS_MOVE = YES;
				CLANG_WARN_UNGUARDED_AVAILABILITY = YES_AGGRESSIVE;
				CLANG_WARN_UNREACHABLE_CODE = YES;
				CLANG_WARN__DUPLICATE_METHOD_MATCH = YES;
				COPY_PHASE_STRIP = NO;
				DEBUG_INFORMATION_FORMAT = "dwarf-with-dsym";
				ENABLE_NS_ASSERTIONS = NO;
				ENABLE_STRICT_OBJC_MSGSEND = YES;
				GCC_C_LANGUAGE_STANDARD = gnu11;
				GCC_NO_COMMON_BLOCKS = YES;
				GCC_WARN_64_TO_32_BIT_CONVERSION = YES;
				GCC_WARN_ABOUT_RETURN_TYPE = YES_ERROR;
				GCC_WARN_UNDECLARED_SELECTOR = YES;
				GCC_WARN_UNINITIALIZED_AUTOS = YES_AGGRESSIVE;
				GCC_WARN_UNUSED_FUNCTION = YES;
				GCC_WARN_UNUSED_VARIABLE = YES;
				MACOSX_DEPLOYMENT_TARGET = 10.15;
				MTL_ENABLE_DEBUG_INFO = NO;
				MTL_FAST_MATH = YES;
				SDKROOT = macosx;
			};
			name = Release;
		};
		C146A4DC245FD94100D69E2B /* Debug */ = {
			isa = XCBuildConfiguration;
			buildSettings = {
				ASSETCATALOG_COMPILER_APPICON_NAME = AppIcon;
				CODE_SIGN_ENTITLEMENTS = decompressNanoLog/decompressNanoLog.entitlements;
				CODE_SIGN_STYLE = Automatic;
				COMBINE_HIDPI_IMAGES = YES;
				DEVELOPMENT_TEAM = B499T9AXJ6;
				ENABLE_HARDENED_RUNTIME = YES;
				INFOPLIST_FILE = decompressNanoLog/Info.plist;
				LD_RUNPATH_SEARCH_PATHS = (
					"$(inherited)",
					"@executable_path/../Frameworks",
				);
				PRODUCT_BUNDLE_IDENTIFIER = com.kuaishou.decompressNanoLog;
				PRODUCT_NAME = "$(TARGET_NAME)";
			};
			name = Debug;
		};
		C146A4DD245FD94100D69E2B /* Release */ = {
			isa = XCBuildConfiguration;
			buildSettings = {
				ASSETCATALOG_COMPILER_APPICON_NAME = AppIcon;
				CODE_SIGN_ENTITLEMENTS = decompressNanoLog/decompressNanoLog.entitlements;
				CODE_SIGN_STYLE = Automatic;
				COMBINE_HIDPI_IMAGES = YES;
				DEVELOPMENT_TEAM = B499T9AXJ6;
				ENABLE_HARDENED_RUNTIME = YES;
				INFOPLIST_FILE = decompressNanoLog/Info.plist;
				LD_RUNPATH_SEARCH_PATHS = (
					"$(inherited)",
					"@executable_path/../Frameworks",
				);
				PRODUCT_BUNDLE_IDENTIFIER = com.kuaishou.decompressNanoLog;
				PRODUCT_NAME = "$(TARGET_NAME)";
			};
			name = Release;
		};
		C146A4DF245FD94100D69E2B /* Debug */ = {
			isa = XCBuildConfiguration;
			buildSettings = {
				BUNDLE_LOADER = "$(TEST_HOST)";
				CODE_SIGN_STYLE = Automatic;
				COMBINE_HIDPI_IMAGES = YES;
				DEVELOPMENT_TEAM = B499T9AXJ6;
				INFOPLIST_FILE = decompressNanoLogTests/Info.plist;
				LD_RUNPATH_SEARCH_PATHS = (
					"$(inherited)",
					"@executable_path/../Frameworks",
					"@loader_path/../Frameworks",
				);
				MACOSX_DEPLOYMENT_TARGET = 10.15;
				PRODUCT_BUNDLE_IDENTIFIER = com.kuaishou.decompressNanoLogTests;
				PRODUCT_NAME = "$(TARGET_NAME)";
				TEST_HOST = "$(BUILT_PRODUCTS_DIR)/decompressNanoLog.app/Contents/MacOS/decompressNanoLog";
			};
			name = Debug;
		};
		C146A4E0245FD94100D69E2B /* Release */ = {
			isa = XCBuildConfiguration;
			buildSettings = {
				BUNDLE_LOADER = "$(TEST_HOST)";
				CODE_SIGN_STYLE = Automatic;
				COMBINE_HIDPI_IMAGES = YES;
				DEVELOPMENT_TEAM = B499T9AXJ6;
				INFOPLIST_FILE = decompressNanoLogTests/Info.plist;
				LD_RUNPATH_SEARCH_PATHS = (
					"$(inherited)",
					"@executable_path/../Frameworks",
					"@loader_path/../Frameworks",
				);
				MACOSX_DEPLOYMENT_TARGET = 10.15;
				PRODUCT_BUNDLE_IDENTIFIER = com.kuaishou.decompressNanoLogTests;
				PRODUCT_NAME = "$(TARGET_NAME)";
				TEST_HOST = "$(BUILT_PRODUCTS_DIR)/decompressNanoLog.app/Contents/MacOS/decompressNanoLog";
			};
			name = Release;
		};
		C146A4E2245FD94100D69E2B /* Debug */ = {
			isa = XCBuildConfiguration;
			buildSettings = {
				CODE_SIGN_STYLE = Automatic;
				COMBINE_HIDPI_IMAGES = YES;
				DEVELOPMENT_TEAM = B499T9AXJ6;
				INFOPLIST_FILE = decompressNanoLogUITests/Info.plist;
				LD_RUNPATH_SEARCH_PATHS = (
					"$(inherited)",
					"@executable_path/../Frameworks",
					"@loader_path/../Frameworks",
				);
				PRODUCT_BUNDLE_IDENTIFIER = com.kuaishou.decompressNanoLogUITests;
				PRODUCT_NAME = "$(TARGET_NAME)";
				TEST_TARGET_NAME = decompressNanoLog;
			};
			name = Debug;
		};
		C146A4E3245FD94100D69E2B /* Release */ = {
			isa = XCBuildConfiguration;
			buildSettings = {
				CODE_SIGN_STYLE = Automatic;
				COMBINE_HIDPI_IMAGES = YES;
				DEVELOPMENT_TEAM = B499T9AXJ6;
				INFOPLIST_FILE = decompressNanoLogUITests/Info.plist;
				LD_RUNPATH_SEARCH_PATHS = (
					"$(inherited)",
					"@executable_path/../Frameworks",
					"@loader_path/../Frameworks",
				);
				PRODUCT_BUNDLE_IDENTIFIER = com.kuaishou.decompressNanoLogUITests;
				PRODUCT_NAME = "$(TARGET_NAME)";
				TEST_TARGET_NAME = decompressNanoLog;
			};
			name = Release;
		};
/* End XCBuildConfiguration section */

/* Begin XCConfigurationList section */
		C146A4AC245FD94000D69E2B /* Build configuration list for PBXProject "decompressNanoLog" */ = {
			isa = XCConfigurationList;
			buildConfigurations = (
				C146A4D9245FD94100D69E2B /* Debug */,
				C146A4DA245FD94100D69E2B /* Release */,
			);
			defaultConfigurationIsVisible = 0;
			defaultConfigurationName = Release;
		};
		C146A4DB245FD94100D69E2B /* Build configuration list for PBXNativeTarget "decompressNanoLog" */ = {
			isa = XCConfigurationList;
			buildConfigurations = (
				C146A4DC245FD94100D69E2B /* Debug */,
				C146A4DD245FD94100D69E2B /* Release */,
			);
			defaultConfigurationIsVisible = 0;
			defaultConfigurationName = Release;
		};
		C146A4DE245FD94100D69E2B /* Build configuration list for PBXNativeTarget "decompressNanoLogTests" */ = {
			isa = XCConfigurationList;
			buildConfigurations = (
				C146A4DF245FD94100D69E2B /* Debug */,
				C146A4E0245FD94100D69E2B /* Release */,
			);
			defaultConfigurationIsVisible = 0;
			defaultConfigurationName = Release;
		};
		C146A4E1245FD94100D69E2B /* Build configuration list for PBXNativeTarget "decompressNanoLogUITests" */ = {
			isa = XCConfigurationList;
			buildConfigurations = (
				C146A4E2245FD94100D69E2B /* Debug */,
				C146A4E3245FD94100D69E2B /* Release */,
			);
			defaultConfigurationIsVisible = 0;
			defaultConfigurationName = Release;
		};
/* End XCConfigurationList section */
	};
	rootObject = C146A4A9245FD94000D69E2B /* Project object */;
}
